
Microsoft Visual Studio Solution File, Format Version 12.00
# Visual Studio Version 16
VisualStudioVersion = 16.0.30406.217
MinimumVisualStudioVersion = 10.0.40219.1
Project("{FAE04EC0-301F-11D3-BF4B-00C04F79EFBC}") = "MandelSpeedTest", "MandelSpeedTest\MandelSpeedTest.csproj", "{A03CA4E8-FD40-4DC4-B498-8BFA9D9005D8}"
EndProject
Global
	GlobalSection(SolutionConfigurationPlatforms) = preSolution
		Debug|Any CPU = Debug|Any CPU
		Release|Any CPU = Release|Any CPU
	EndGlobalSection
	GlobalSection(ProjectConfigurationPlatforms) = postSolution
		{A03CA4E8-FD40-4DC4-B498-8BFA9D9005D8}.Debug|Any CPU.ActiveCfg = Debug|Any CPU
		{A03CA4E8-FD40-4DC4-B498-8BFA9D9005D8}.Debug|Any CPU.Build.0 = Debug|Any CPU
		{A03CA4E8-FD40-4DC4-B498-8BFA9D9005D8}.Release|Any CPU.ActiveCfg = Release|Any CPU
		{A03CA4E8-FD40-4DC4-B498-8BFA9D9005D8}.Release|Any CPU.Build.0 = Release|Any CPU
	EndGlobalSection
	GlobalSection(SolutionProperties) = preSolution
		HideSolutionNode = FALSE
	EndGlobalSection
	GlobalSection(ExtensibilityGlobals) = postSolution
		SolutionGuid = {5323EFE4-3B4A-49A2-815C-762B14FB9452}
	EndGlobalSection
EndGlobal
